
Microsoft Visual Studio Solution File, Format Version 12.00
# Visual Studio Version 16
VisualStudioVersion = 16.0.31624.102
MinimumVisualStudioVersion = 10.0.40219.1
Project("{FAE04EC0-301F-11D3-BF4B-00C04F79EFBC}") = "GiveYourNumbersDaddyCalc", "GiveYourNumbersDaddyCalc.csproj", "{EC987D82-3771-4167-8EE7-9D756B5476FD}"
EndProject
Global
	GlobalSection(SolutionConfigurationPlatforms) = preSolution
		Debug|Any CPU = Debug|Any CPU
		Release|Any CPU = Release|Any CPU
	EndGlobalSection
	GlobalSection(ProjectConfigurationPlatforms) = postSolution
		{EC987D82-3771-4167-8EE7-9D756B5476FD}.Debug|Any CPU.ActiveCfg = Debug|Any CPU
		{EC987D82-3771-4167-8EE7-9D756B5476FD}.Debug|Any CPU.Build.0 = Debug|Any CPU
		{EC987D82-3771-4167-8EE7-9D756B5476FD}.Release|Any CPU.ActiveCfg = Release|Any CPU
		{EC987D82-3771-4167-8EE7-9D756B5476FD}.Release|Any CPU.Build.0 = Release|Any CPU
	EndGlobalSection
	GlobalSection(SolutionProperties) = preSolution
		HideSolutionNode = FALSE
	EndGlobalSection
	GlobalSection(ExtensibilityGlobals) = postSolution
		SolutionGuid = {6189128D-F04B-4E96-B5AC-CEEF55B6393A}
	EndGlobalSection
EndGlobal
